
Microsoft Visual Studio Solution File, Format Version 12.00
# Visual Studio Version 16
VisualStudioVersion = 16.0.31205.134
MinimumVisualStudioVersion = 10.0.40219.1
Project("{FAE04EC0-301F-11D3-BF4B-00C04F79EFBC}") = "PhoneManagerment_ADO.net", "PhoneManagerment_ADO.net.csproj", "{DDAC878A-AC03-400E-9F0D-D19A363E4F5F}"
EndProject
Global
	GlobalSection(SolutionConfigurationPlatforms) = preSolution
		Debug|Any CPU = Debug|Any CPU
		Release|Any CPU = Release|Any CPU
	EndGlobalSection
	GlobalSection(ProjectConfigurationPlatforms) = postSolution
		{DDAC878A-AC03-400E-9F0D-D19A363E4F5F}.Debug|Any CPU.ActiveCfg = Debug|Any CPU
		{DDAC878A-AC03-400E-9F0D-D19A363E4F5F}.Debug|Any CPU.Build.0 = Debug|Any CPU
		{DDAC878A-AC03-400E-9F0D-D19A363E4F5F}.Release|Any CPU.ActiveCfg = Release|Any CPU
		{DDAC878A-AC03-400E-9F0D-D19A363E4F5F}.Release|Any CPU.Build.0 = Release|Any CPU
	EndGlobalSection
	GlobalSection(SolutionProperties) = preSolution
		HideSolutionNode = FALSE
	EndGlobalSection
	GlobalSection(ExtensibilityGlobals) = postSolution
		SolutionGuid = {33338AD1-0431-444F-B06A-9223FCB31950}
	EndGlobalSection
EndGlobal
